<?xml version="1.0" encoding="utf-8"?>
<Project ToolsVersion="4.0" xmlns="http://schemas.microsoft.com/developer/msbuild/2003">
  <ItemGroup>
    <ClCompile Include="Render\Camera.cpp">
      <Filter>Render</Filter>
    </ClCompile>
    <ClCompile Include="Render\Render.cpp">
      <Filter>Render</Filter>
    </ClCompile>
    <ClCompile Include="RenderUtils.cpp" />
    <ClCompile Include="main.cpp" />
    <ClCompile Include="callbacks.cpp" />
    <ClCompile Include="Particle.cpp" />
    <ClCompile Include="GeneratorParticle.cpp" />
    <ClCompile Include="SimpleGeneratorParticle.cpp" />
    <ClCompile Include="SystemParticle.cpp" />
    <ClCompile Include="FireWork.cpp" />
    <ClCompile Include="GausianGeneratorParticle.cpp" />
    <ClCompile Include="ForceGenerator.cpp" />
    <ClCompile Include="ParticleForceRegistry.cpp" />
    <ClCompile Include="GravityFocreGenerator.cpp" />
    <ClCompile Include="DragForceGenerator.cpp" />
    <ClCompile Include="WindForceGenerator.cpp" />
  </ItemGroup>
  <ItemGroup>
    <ClInclude Include="core.hpp" />
    <ClInclude Include="Render\Camera.h">
      <Filter>Render</Filter>
    </ClInclude>
    <ClInclude Include="Render\Render.h">
      <Filter>Render</Filter>
    </ClInclude>
    <ClInclude Include="RenderUtils.hpp" />
    <ClInclude Include="callbacks.hpp" />
    <ClInclude Include="Particle.h" />
    <ClInclude Include="GeneratorParticle.h" />
    <ClInclude Include="SimpleGeneratorParticle.h" />
    <ClInclude Include="SystemParticle.h" />
    <ClInclude Include="FireWork.h" />
    <ClInclude Include="GausianGeneratorParticle.h" />
    <ClInclude Include="ForceGenerator.h" />
    <ClInclude Include="ParticleForceRegistry.h" />
    <ClInclude Include="GravityFocreGenerator.h" />
    <ClInclude Include="DragForceGenerator.h" />
    <ClInclude Include="WindForceGenerator.h" />
  </ItemGroup>
  <ItemGroup>
    <Filter Include="Render">
      <UniqueIdentifier>{d04b4f9f-5a69-465e-8070-25c6d0bcd3c2}</UniqueIdentifier>
    </Filter>
  </ItemGroup>
</Project>